
Microsoft Visual Studio Solution File, Format Version 12.00
# Visual Studio Version 16
VisualStudioVersion = 16.0.30104.148
MinimumVisualStudioVersion = 10.0.40219.1
Project("{9A19103F-16F7-4668-BE54-9A1E7A4F7556}") = "SqlReplication", "SqlReplication\SqlReplication.csproj", "{6EDA2A56-2469-44A6-B7D5-BEF92A9079FD}"
EndProject
Project("{FAE04EC0-301F-11D3-BF4B-00C04F79EFBC}") = "RepMonitor", "RepMonitor\RepMonitor.csproj", "{988FCE86-13CD-4BC4-8BC0-56DDC71CD21D}"
EndProject
Global
	GlobalSection(SolutionConfigurationPlatforms) = preSolution
		Debug|Any CPU = Debug|Any CPU
		Release|Any CPU = Release|Any CPU
	EndGlobalSection
	GlobalSection(ProjectConfigurationPlatforms) = postSolution
		{6EDA2A56-2469-44A6-B7D5-BEF92A9079FD}.Debug|Any CPU.ActiveCfg = Debug|Any CPU
		{6EDA2A56-2469-44A6-B7D5-BEF92A9079FD}.Debug|Any CPU.Build.0 = Debug|Any CPU
		{6EDA2A56-2469-44A6-B7D5-BEF92A9079FD}.Release|Any CPU.ActiveCfg = Release|Any CPU
		{6EDA2A56-2469-44A6-B7D5-BEF92A9079FD}.Release|Any CPU.Build.0 = Release|Any CPU
		{988FCE86-13CD-4BC4-8BC0-56DDC71CD21D}.Debug|Any CPU.ActiveCfg = Debug|Any CPU
		{988FCE86-13CD-4BC4-8BC0-56DDC71CD21D}.Debug|Any CPU.Build.0 = Debug|Any CPU
		{988FCE86-13CD-4BC4-8BC0-56DDC71CD21D}.Release|Any CPU.ActiveCfg = Release|Any CPU
		{988FCE86-13CD-4BC4-8BC0-56DDC71CD21D}.Release|Any CPU.Build.0 = Release|Any CPU
	EndGlobalSection
	GlobalSection(SolutionProperties) = preSolution
		HideSolutionNode = FALSE
	EndGlobalSection
	GlobalSection(ExtensibilityGlobals) = postSolution
		SolutionGuid = {5B6002CD-B8BC-493C-8469-EE04A6935156}
	EndGlobalSection
EndGlobal
